
Microsoft Visual Studio Solution File, Format Version 12.00
# Visual Studio Version 17
VisualStudioVersion = 17.8.34330.188
MinimumVisualStudioVersion = 10.0.40219.1
Project("{FAE04EC0-301F-11D3-BF4B-00C04F79EFBC}") = "NTTBlog.Web", "NTTBlog.Web\NTTBlog.Web.csproj", "{C98D02A3-B646-454C-832B-B719180324BE}"
EndProject
Project("{FAE04EC0-301F-11D3-BF4B-00C04F79EFBC}") = "NTTBlog.Entity", "NTTBlog.Entity\NTTBlog.Entity.csproj", "{D4628C85-81A6-4EAE-9DF6-4A49DE10982B}"
EndProject
Project("{FAE04EC0-301F-11D3-BF4B-00C04F79EFBC}") = "NTTBlog.DataAccessLayer", "NTTDATA.DataAccessLayer\NTTBlog.DataAccessLayer.csproj", "{208DB564-D0F2-437E-82F0-51E7633ECB30}"
EndProject
Project("{FAE04EC0-301F-11D3-BF4B-00C04F79EFBC}") = "NTTBlog.Service", "NTTBlog.Service\NTTBlog.Service.csproj", "{E2D2CE6D-0B7D-4CE3-853A-12186ED8809B}"
EndProject
Project("{FAE04EC0-301F-11D3-BF4B-00C04F79EFBC}") = "NTTBlog.Core", "NTTBlog.Core\NTTBlog.Core.csproj", "{0E95B628-DD95-4E3C-99C5-F06AC3F40172}"
EndProject
Global
	GlobalSection(SolutionConfigurationPlatforms) = preSolution
		Debug|Any CPU = Debug|Any CPU
		Release|Any CPU = Release|Any CPU
	EndGlobalSection
	GlobalSection(ProjectConfigurationPlatforms) = postSolution
		{C98D02A3-B646-454C-832B-B719180324BE}.Debug|Any CPU.ActiveCfg = Debug|Any CPU
		{C98D02A3-B646-454C-832B-B719180324BE}.Debug|Any CPU.Build.0 = Debug|Any CPU
		{C98D02A3-B646-454C-832B-B719180324BE}.Release|Any CPU.ActiveCfg = Release|Any CPU
		{C98D02A3-B646-454C-832B-B719180324BE}.Release|Any CPU.Build.0 = Release|Any CPU
		{D4628C85-81A6-4EAE-9DF6-4A49DE10982B}.Debug|Any CPU.ActiveCfg = Debug|Any CPU
		{D4628C85-81A6-4EAE-9DF6-4A49DE10982B}.Debug|Any CPU.Build.0 = Debug|Any CPU
		{D4628C85-81A6-4EAE-9DF6-4A49DE10982B}.Release|Any CPU.ActiveCfg = Release|Any CPU
		{D4628C85-81A6-4EAE-9DF6-4A49DE10982B}.Release|Any CPU.Build.0 = Release|Any CPU
		{208DB564-D0F2-437E-82F0-51E7633ECB30}.Debug|Any CPU.ActiveCfg = Debug|Any CPU
		{208DB564-D0F2-437E-82F0-51E7633ECB30}.Debug|Any CPU.Build.0 = Debug|Any CPU
		{208DB564-D0F2-437E-82F0-51E7633ECB30}.Release|Any CPU.ActiveCfg = Release|Any CPU
		{208DB564-D0F2-437E-82F0-51E7633ECB30}.Release|Any CPU.Build.0 = Release|Any CPU
		{E2D2CE6D-0B7D-4CE3-853A-12186ED8809B}.Debug|Any CPU.ActiveCfg = Debug|Any CPU
		{E2D2CE6D-0B7D-4CE3-853A-12186ED8809B}.Debug|Any CPU.Build.0 = Debug|Any CPU
		{E2D2CE6D-0B7D-4CE3-853A-12186ED8809B}.Release|Any CPU.ActiveCfg = Release|Any CPU
		{E2D2CE6D-0B7D-4CE3-853A-12186ED8809B}.Release|Any CPU.Build.0 = Release|Any CPU
		{0E95B628-DD95-4E3C-99C5-F06AC3F40172}.Debug|Any CPU.ActiveCfg = Debug|Any CPU
		{0E95B628-DD95-4E3C-99C5-F06AC3F40172}.Debug|Any CPU.Build.0 = Debug|Any CPU
		{0E95B628-DD95-4E3C-99C5-F06AC3F40172}.Release|Any CPU.ActiveCfg = Release|Any CPU
		{0E95B628-DD95-4E3C-99C5-F06AC3F40172}.Release|Any CPU.Build.0 = Release|Any CPU
	EndGlobalSection
	GlobalSection(SolutionProperties) = preSolution
		HideSolutionNode = FALSE
	EndGlobalSection
	GlobalSection(ExtensibilityGlobals) = postSolution
		SolutionGuid = {ADFEEC37-CEE1-4085-A2B3-AEBA4B5A02E7}
	EndGlobalSection
EndGlobal
